
Microsoft Visual Studio Solution File, Format Version 12.00
# Visual Studio Version 16
VisualStudioVersion = 16.0.30204.135
MinimumVisualStudioVersion = 10.0.40219.1
Project("{FAE04EC0-301F-11D3-BF4B-00C04F79EFBC}") = "calc_pro", "calc_pro\calc_pro.csproj", "{A9D24B04-69CC-4DE5-B5A3-71BB95217A66}"
EndProject
Global
	GlobalSection(SolutionConfigurationPlatforms) = preSolution
		Debug|Any CPU = Debug|Any CPU
		Release|Any CPU = Release|Any CPU
	EndGlobalSection
	GlobalSection(ProjectConfigurationPlatforms) = postSolution
		{A9D24B04-69CC-4DE5-B5A3-71BB95217A66}.Debug|Any CPU.ActiveCfg = Debug|Any CPU
		{A9D24B04-69CC-4DE5-B5A3-71BB95217A66}.Debug|Any CPU.Build.0 = Debug|Any CPU
		{A9D24B04-69CC-4DE5-B5A3-71BB95217A66}.Release|Any CPU.ActiveCfg = Release|Any CPU
		{A9D24B04-69CC-4DE5-B5A3-71BB95217A66}.Release|Any CPU.Build.0 = Release|Any CPU
	EndGlobalSection
	GlobalSection(SolutionProperties) = preSolution
		HideSolutionNode = FALSE
	EndGlobalSection
	GlobalSection(ExtensibilityGlobals) = postSolution
		SolutionGuid = {EEA49993-0F57-4905-B42D-FF02695B5064}
	EndGlobalSection
EndGlobal
